<?xml version="1.0" encoding="utf-8"?>
<Project ToolsVersion="4.0" xmlns="http://schemas.microsoft.com/developer/msbuild/2003">
  <ItemGroup>
    <Filter Include="소스 파일">
      <UniqueIdentifier>{4FC737F1-C7A5-4376-A066-2A32D752A2FF}</UniqueIdentifier>
      <Extensions>cpp;c;cc;cxx;c++;cppm;ixx;def;odl;idl;hpj;bat;asm;asmx</Extensions>
    </Filter>
    <Filter Include="헤더 파일">
      <UniqueIdentifier>{93995380-89BD-4b04-88EB-625FBE52EBFB}</UniqueIdentifier>
      <Extensions>h;hh;hpp;hxx;h++;hm;inl;inc;ipp;xsd</Extensions>
    </Filter>
    <Filter Include="리소스 파일">
      <UniqueIdentifier>{67DA6AB6-F800-4c08-8B7A-83BB121AAD01}</UniqueIdentifier>
      <Extensions>rc;ico;cur;bmp;dlg;rc2;rct;bin;rgs;gif;jpg;jpeg;jpe;resx;tiff;tif;png;wav;mfcribbon-ms</Extensions>
    </Filter>
    <Filter Include="소스 파일\Nuklear">
      <UniqueIdentifier>{f49c78b1-23e8-4f93-8c04-03fa3d8da362}</UniqueIdentifier>
    </Filter>
    <Filter Include="소스 파일\Nuklear\Base">
      <UniqueIdentifier>{eb9a2b7a-43f7-4931-9406-28da5384ef14}</UniqueIdentifier>
    </Filter>
    <Filter Include="소스 파일\etc">
      <UniqueIdentifier>{9274d780-b543-4f12-bd17-613962ffa17e}</UniqueIdentifier>
    </Filter>
    <Filter Include="소스 파일\Nuklear\Base\Object">
      <UniqueIdentifier>{1b1e697b-c72a-4023-8b4b-62d06a757d4b}</UniqueIdentifier>
    </Filter>
    <Filter Include="소스 파일\Nuklear\Base\Module">
      <UniqueIdentifier>{054f7d1c-1a0f-4fe1-b299-76b75319272a}</UniqueIdentifier>
    </Filter>
    <Filter Include="소스 파일\Nuklear\Base\Style">
      <UniqueIdentifier>{401c125e-3464-4a05-9259-69cc34eafcf1}</UniqueIdentifier>
    </Filter>
    <Filter Include="소스 파일\Nuklear\Base\Style\Component">
      <UniqueIdentifier>{11b1ccbf-f6a3-4987-9eae-86ae828247bc}</UniqueIdentifier>
    </Filter>
  </ItemGroup>
  <ItemGroup>
    <None Include="cpp.hint" />
  </ItemGroup>
  <ItemGroup>
    <ClInclude Include="framework.h">
      <Filter>헤더 파일</Filter>
    </ClInclude>
    <ClInclude Include="pch.h">
      <Filter>헤더 파일</Filter>
    </ClInclude>
    <ClInclude Include="NKBase.h">
      <Filter>소스 파일\Nuklear\Base</Filter>
    </ClInclude>
    <ClInclude Include="NuklearUI.h">
      <Filter>소스 파일\Nuklear</Filter>
    </ClInclude>
    <ClInclude Include="nkmod.h">
      <Filter>소스 파일\etc</Filter>
    </ClInclude>
    <ClInclude Include="sprLoader.h">
      <Filter>소스 파일\etc</Filter>
    </ClInclude>
    <ClInclude Include="NuklearEditor.h">
      <Filter>소스 파일\Nuklear</Filter>
    </ClInclude>
    <ClInclude Include="Constants.h">
      <Filter>소스 파일\Nuklear</Filter>
    </ClInclude>
    <ClInclude Include="NKButton.h">
      <Filter>소스 파일\Nuklear\Base\Object</Filter>
    </ClInclude>
    <ClInclude Include="NKChart.h">
      <Filter>소스 파일\Nuklear\Base\Object</Filter>
    </ClInclude>
    <ClInclude Include="NKCheckbox.h">
      <Filter>소스 파일\Nuklear\Base\Object</Filter>
    </ClInclude>
    <ClInclude Include="NKColorPicker.h">
      <Filter>소스 파일\Nuklear\Base\Object</Filter>
    </ClInclude>
    <ClInclude Include="NKCombo.h">
      <Filter>소스 파일\Nuklear\Base\Object</Filter>
    </ClInclude>
    <ClInclude Include="NKComboItem.h">
      <Filter>소스 파일\Nuklear\Base\Object</Filter>
    </ClInclude>
    <ClInclude Include="NKEdit.h">
      <Filter>소스 파일\Nuklear\Base\Object</Filter>
    </ClInclude>
    <ClInclude Include="NKGroup.h">
      <Filter>소스 파일\Nuklear\Base\Object</Filter>
    </ClInclude>
    <ClInclude Include="NKImage.h">
      <Filter>소스 파일\Nuklear\Base\Object</Filter>
    </ClInclude>
    <ClInclude Include="NKLabel.h">
      <Filter>소스 파일\Nuklear\Base\Object</Filter>
    </ClInclude>
    <ClInclude Include="NKMenu.h">
      <Filter>소스 파일\Nuklear\Base\Object</Filter>
    </ClInclude>
    <ClInclude Include="NKPopup.h">
      <Filter>소스 파일\Nuklear\Base\Object</Filter>
    </ClInclude>
    <ClInclude Include="NKProgress.h">
      <Filter>소스 파일\Nuklear\Base\Object</Filter>
    </ClInclude>
    <ClInclude Include="NKScrollbar.h">
      <Filter>소스 파일\Nuklear\Base\Object</Filter>
    </ClInclude>
    <ClInclude Include="NKSelectable.h">
      <Filter>소스 파일\Nuklear\Base\Object</Filter>
    </ClInclude>
    <ClInclude Include="NKSlider.h">
      <Filter>소스 파일\Nuklear\Base\Object</Filter>
    </ClInclude>
    <ClInclude Include="NKSpace.h">
      <Filter>소스 파일\Nuklear\Base\Object</Filter>
    </ClInclude>
    <ClInclude Include="NKTooltip.h">
      <Filter>소스 파일\Nuklear\Base\Object</Filter>
    </ClInclude>
    <ClInclude Include="NKTree.h">
      <Filter>소스 파일\Nuklear\Base\Object</Filter>
    </ClInclude>
    <ClInclude Include="NKWindow.h">
      <Filter>소스 파일\Nuklear\Base\Object</Filter>
    </ClInclude>
    <ClInclude Include="UiLibrary.h">
      <Filter>소스 파일\Nuklear\Base</Filter>
    </ClInclude>
    <ClInclude Include="NKTransform.h">
      <Filter>소스 파일\Nuklear\Base\Module</Filter>
    </ClInclude>
    <ClInclude Include="NKBaseWindow.h">
      <Filter>소스 파일\Nuklear\Base\Module</Filter>
    </ClInclude>
    <ClInclude Include="NKHandler.h">
      <Filter>소스 파일\Nuklear\Base\Module</Filter>
    </ClInclude>
    <ClInclude Include="NKStyleHeader.h">
      <Filter>소스 파일\Nuklear\Base\Style</Filter>
    </ClInclude>
    <ClInclude Include="ComponentButton.h">
      <Filter>소스 파일\Nuklear\Base\Style\Component</Filter>
    </ClInclude>
    <ClInclude Include="NKStyleItem.h">
      <Filter>소스 파일\Nuklear\Base\Style\Component</Filter>
    </ClInclude>
    <ClInclude Include="ComponentToggle.h">
      <Filter>소스 파일\Nuklear\Base\Style\Component</Filter>
    </ClInclude>
    <ClInclude Include="ComponentSelectable.h">
      <Filter>소스 파일\Nuklear\Base\Style\Component</Filter>
    </ClInclude>
    <ClInclude Include="ComponentSlider.h">
      <Filter>소스 파일\Nuklear\Base\Style\Component</Filter>
    </ClInclude>
    <ClInclude Include="ComponentProgress.h">
      <Filter>소스 파일\Nuklear\Base\Style\Component</Filter>
    </ClInclude>
    <ClInclude Include="ComponentScrollbar.h">
      <Filter>소스 파일\Nuklear\Base\Style\Component</Filter>
    </ClInclude>
    <ClInclude Include="ComponentEdit.h">
      <Filter>소스 파일\Nuklear\Base\Style\Component</Filter>
    </ClInclude>
    <ClInclude Include="ComponentProperty.h">
      <Filter>소스 파일\Nuklear\Base\Style\Component</Filter>
    </ClInclude>
    <ClInclude Include="ComponentTab.h">
      <Filter>소스 파일\Nuklear\Base\Style\Component</Filter>
    </ClInclude>
    <ClInclude Include="ComponentCombo.h">
      <Filter>소스 파일\Nuklear\Base\Style\Component</Filter>
    </ClInclude>
    <ClInclude Include="ComponentHeader.h">
      <Filter>소스 파일\Nuklear\Base\Style\Component</Filter>
    </ClInclude>
    <ClInclude Include="NKStyleWindow.h">
      <Filter>소스 파일\Nuklear\Base\Style</Filter>
    </ClInclude>
    <ClInclude Include="NKStyleButton.h">
      <Filter>소스 파일\Nuklear\Base\Style</Filter>
    </ClInclude>
    <ClInclude Include="NKStyleContextualButton.h">
      <Filter>소스 파일\Nuklear\Base\Style</Filter>
    </ClInclude>
    <ClInclude Include="NKStyleMenuButton.h">
      <Filter>소스 파일\Nuklear\Base\Style</Filter>
    </ClInclude>
    <ClInclude Include="NKStyleOption.h">
      <Filter>소스 파일\Nuklear\Base\Style</Filter>
    </ClInclude>
    <ClInclude Include="NKStyleCheckbox.h">
      <Filter>소스 파일\Nuklear\Base\Style</Filter>
    </ClInclude>
    <ClInclude Include="NKStyleSelectedable.h">
      <Filter>소스 파일\Nuklear\Base\Style</Filter>
    </ClInclude>
    <ClInclude Include="NKStyleSlider.h">
      <Filter>소스 파일\Nuklear\Base\Style</Filter>
    </ClInclude>
    <ClInclude Include="NKStyleProgress.h">
      <Filter>소스 파일\Nuklear\Base\Style</Filter>
    </ClInclude>
    <ClInclude Include="NKStyleText.h">
      <Filter>소스 파일\Nuklear\Base\Style</Filter>
    </ClInclude>
    <ClInclude Include="NKStyleProperty.h">
      <Filter>소스 파일\Nuklear\Base\Style</Filter>
    </ClInclude>
    <ClInclude Include="NKStyleEdit.h">
      <Filter>소스 파일\Nuklear\Base\Style</Filter>
    </ClInclude>
    <ClInclude Include="NKStyleChart.h">
      <Filter>소스 파일\Nuklear\Base\Style</Filter>
    </ClInclude>
    <ClInclude Include="NKStyleScrollbarH.h">
      <Filter>소스 파일\Nuklear\Base\Style</Filter>
    </ClInclude>
    <ClInclude Include="NKStyleScrollbarV.h">
      <Filter>소스 파일\Nuklear\Base\Style</Filter>
    </ClInclude>
    <ClInclude Include="NKStyleTab.h">
      <Filter>소스 파일\Nuklear\Base\Style</Filter>
    </ClInclude>
    <ClInclude Include="NKStyleCombo.h">
      <Filter>소스 파일\Nuklear\Base\Style</Filter>
    </ClInclude>
    <ClInclude Include="NKSuperStyleObject.h">
      <Filter>소스 파일\Nuklear\Base\Object</Filter>
    </ClInclude>
    <ClInclude Include="NKBaseLabel.h">
      <Filter>소스 파일\Nuklear\Base\Module</Filter>
    </ClInclude>
    <ClInclude Include="NKObjectFinder.h">
      <Filter>소스 파일\Nuklear\Base\Module</Filter>
    </ClInclude>
    <ClInclude Include="NKBaseStyle.h">
      <Filter>소스 파일\Nuklear\Base\Module</Filter>
    </ClInclude>
    <ClInclude Include="NKProperty.h">
      <Filter>소스 파일\Nuklear\Base\Module</Filter>
    </ClInclude>
    <ClInclude Include="DX7Renderer.h">
      <Filter>소스 파일\Nuklear</Filter>
    </ClInclude>
    <ClInclude Include="NKLuaInterface.h">
      <Filter>소스 파일\Nuklear</Filter>
    </ClInclude>
    <ClInclude Include="NKCereal.h">
      <Filter>소스 파일\Nuklear</Filter>
    </ClInclude>
    <ClInclude Include="nuklear_extensions.h">
      <Filter>소스 파일\Nuklear</Filter>
    </ClInclude>
  </ItemGroup>
  <ItemGroup>
    <ClCompile Include="NKBase.cpp">
      <Filter>소스 파일\Nuklear\Base</Filter>
    </ClCompile>
    <ClCompile Include="NuklearUI.cpp">
      <Filter>소스 파일\Nuklear</Filter>
    </ClCompile>
    <ClCompile Include="dllmain.cpp">
      <Filter>소스 파일\etc</Filter>
    </ClCompile>
    <ClCompile Include="nkmod.cpp">
      <Filter>소스 파일\etc</Filter>
    </ClCompile>
    <ClCompile Include="pch.cpp">
      <Filter>소스 파일\etc</Filter>
    </ClCompile>
    <ClCompile Include="sprLoader.cpp">
      <Filter>소스 파일\etc</Filter>
    </ClCompile>
    <ClCompile Include="NuklearEditor.cpp">
      <Filter>소스 파일\Nuklear</Filter>
    </ClCompile>
    <ClCompile Include="NKButton.cpp">
      <Filter>소스 파일\Nuklear\Base\Object</Filter>
    </ClCompile>
    <ClCompile Include="NKChart.cpp">
      <Filter>소스 파일\Nuklear\Base\Object</Filter>
    </ClCompile>
    <ClCompile Include="NKCheckbox.cpp">
      <Filter>소스 파일\Nuklear\Base\Object</Filter>
    </ClCompile>
    <ClCompile Include="NKColorPicker.cpp">
      <Filter>소스 파일\Nuklear\Base\Object</Filter>
    </ClCompile>
    <ClCompile Include="NKCombo.cpp">
      <Filter>소스 파일\Nuklear\Base\Object</Filter>
    </ClCompile>
    <ClCompile Include="NKComboItem.cpp">
      <Filter>소스 파일\Nuklear\Base\Object</Filter>
    </ClCompile>
    <ClCompile Include="NKEdit.cpp">
      <Filter>소스 파일\Nuklear\Base\Object</Filter>
    </ClCompile>
    <ClCompile Include="NKGroup.cpp">
      <Filter>소스 파일\Nuklear\Base\Object</Filter>
    </ClCompile>
    <ClCompile Include="NKImage.cpp">
      <Filter>소스 파일\Nuklear\Base\Object</Filter>
    </ClCompile>
    <ClCompile Include="NKLabel.cpp">
      <Filter>소스 파일\Nuklear\Base\Object</Filter>
    </ClCompile>
    <ClCompile Include="NKMenu.cpp">
      <Filter>소스 파일\Nuklear\Base\Object</Filter>
    </ClCompile>
    <ClCompile Include="NKPopup.cpp">
      <Filter>소스 파일\Nuklear\Base\Object</Filter>
    </ClCompile>
    <ClCompile Include="NKProgress.cpp">
      <Filter>소스 파일\Nuklear\Base\Object</Filter>
    </ClCompile>
    <ClCompile Include="NKScrollbar.cpp">
      <Filter>소스 파일\Nuklear\Base\Object</Filter>
    </ClCompile>
    <ClCompile Include="NKSelectable.cpp">
      <Filter>소스 파일\Nuklear\Base\Object</Filter>
    </ClCompile>
    <ClCompile Include="NKSlider.cpp">
      <Filter>소스 파일\Nuklear\Base\Object</Filter>
    </ClCompile>
    <ClCompile Include="NKSpace.cpp">
      <Filter>소스 파일\Nuklear\Base\Object</Filter>
    </ClCompile>
    <ClCompile Include="NKTooltip.cpp">
      <Filter>소스 파일\Nuklear\Base\Object</Filter>
    </ClCompile>
    <ClCompile Include="NKTree.cpp">
      <Filter>소스 파일\Nuklear\Base\Object</Filter>
    </ClCompile>
    <ClCompile Include="NKWindow.cpp">
      <Filter>소스 파일\Nuklear\Base\Object</Filter>
    </ClCompile>
    <ClCompile Include="NKTransform.cpp">
      <Filter>소스 파일\Nuklear\Base\Module</Filter>
    </ClCompile>
    <ClCompile Include="NKBaseWindow.cpp">
      <Filter>소스 파일\Nuklear\Base\Module</Filter>
    </ClCompile>
    <ClCompile Include="NKHandler.cpp">
      <Filter>소스 파일\Nuklear\Base\Module</Filter>
    </ClCompile>
    <ClCompile Include="NKStyleHeader.cpp">
      <Filter>소스 파일\Nuklear\Base\Style</Filter>
    </ClCompile>
    <ClCompile Include="ComponentButton.cpp">
      <Filter>소스 파일\Nuklear\Base\Style\Component</Filter>
    </ClCompile>
    <ClCompile Include="NKStyleItem.cpp">
      <Filter>소스 파일\Nuklear\Base\Style\Component</Filter>
    </ClCompile>
    <ClCompile Include="ComponentToggle.cpp">
      <Filter>소스 파일\Nuklear\Base\Style\Component</Filter>
    </ClCompile>
    <ClCompile Include="ComponentSelectable.cpp">
      <Filter>소스 파일\Nuklear\Base\Style\Component</Filter>
    </ClCompile>
    <ClCompile Include="ComponentSlider.cpp">
      <Filter>소스 파일\Nuklear\Base\Style\Component</Filter>
    </ClCompile>
    <ClCompile Include="ComponentProgress.cpp">
      <Filter>소스 파일\Nuklear\Base\Style\Component</Filter>
    </ClCompile>
    <ClCompile Include="ComponentScrollbar.cpp">
      <Filter>소스 파일\Nuklear\Base\Style\Component</Filter>
    </ClCompile>
    <ClCompile Include="ComponentEdit.cpp">
      <Filter>소스 파일\Nuklear\Base\Style\Component</Filter>
    </ClCompile>
    <ClCompile Include="ComponentProperty.cpp">
      <Filter>소스 파일\Nuklear\Base\Style\Component</Filter>
    </ClCompile>
    <ClCompile Include="ComponentTab.cpp">
      <Filter>소스 파일\Nuklear\Base\Style\Component</Filter>
    </ClCompile>
    <ClCompile Include="ComponentCombo.cpp">
      <Filter>소스 파일\Nuklear\Base\Style\Component</Filter>
    </ClCompile>
    <ClCompile Include="ComponentHeader.cpp">
      <Filter>소스 파일\Nuklear\Base\Style\Component</Filter>
    </ClCompile>
    <ClCompile Include="NKStyleWindow.cpp">
      <Filter>소스 파일\Nuklear\Base\Style</Filter>
    </ClCompile>
    <ClCompile Include="NKStyleButton.cpp">
      <Filter>소스 파일\Nuklear\Base\Style</Filter>
    </ClCompile>
    <ClCompile Include="NKStyleContextualButton.cpp">
      <Filter>소스 파일\Nuklear\Base\Style</Filter>
    </ClCompile>
    <ClCompile Include="NKStyleOption.cpp">
      <Filter>소스 파일\Nuklear\Base\Style</Filter>
    </ClCompile>
    <ClCompile Include="NKStyleMenuButton.cpp">
      <Filter>소스 파일\Nuklear\Base\Style</Filter>
    </ClCompile>
    <ClCompile Include="NKStyleCheckbox.cpp">
      <Filter>소스 파일\Nuklear\Base\Style</Filter>
    </ClCompile>
    <ClCompile Include="NKStyleSelectedable.cpp">
      <Filter>소스 파일\Nuklear\Base\Style</Filter>
    </ClCompile>
    <ClCompile Include="NKStyleSlider.cpp">
      <Filter>소스 파일\Nuklear\Base\Style</Filter>
    </ClCompile>
    <ClCompile Include="NKStyleProgress.cpp">
      <Filter>소스 파일\Nuklear\Base\Style</Filter>
    </ClCompile>
    <ClCompile Include="NKStyleText.cpp">
      <Filter>소스 파일\Nuklear\Base\Style</Filter>
    </ClCompile>
    <ClCompile Include="NKStyleProperty.cpp">
      <Filter>소스 파일\Nuklear\Base\Style</Filter>
    </ClCompile>
    <ClCompile Include="NKStyleEdit.cpp">
      <Filter>소스 파일\Nuklear\Base\Style</Filter>
    </ClCompile>
    <ClCompile Include="NKStyleChart.cpp">
      <Filter>소스 파일\Nuklear\Base\Style</Filter>
    </ClCompile>
    <ClCompile Include="NKStyleScrollbarH.cpp">
      <Filter>소스 파일\Nuklear\Base\Style</Filter>
    </ClCompile>
    <ClCompile Include="NKStyleScrollbarV.cpp">
      <Filter>소스 파일\Nuklear\Base\Style</Filter>
    </ClCompile>
    <ClCompile Include="NKStyleTab.cpp">
      <Filter>소스 파일\Nuklear\Base\Style</Filter>
    </ClCompile>
    <ClCompile Include="NKStyleCombo.cpp">
      <Filter>소스 파일\Nuklear\Base\Style</Filter>
    </ClCompile>
    <ClCompile Include="NKSuperStyleObject.cpp">
      <Filter>소스 파일\Nuklear\Base\Object</Filter>
    </ClCompile>
    <ClCompile Include="NKBaseLabel.cpp">
      <Filter>소스 파일\Nuklear\Base\Module</Filter>
    </ClCompile>
    <ClCompile Include="NKObjectFinder.cpp">
      <Filter>소스 파일\Nuklear\Base\Module</Filter>
    </ClCompile>
    <ClCompile Include="NKBaseStyle.cpp">
      <Filter>소스 파일\Nuklear\Base\Module</Filter>
    </ClCompile>
    <ClCompile Include="NKProperty.cpp">
      <Filter>소스 파일\Nuklear\Base\Module</Filter>
    </ClCompile>
    <ClCompile Include="NuklearUI_DX9.cpp">
      <Filter>소스 파일\Nuklear</Filter>
    </ClCompile>
    <ClCompile Include="NuklearUI_DX7.cpp">
      <Filter>소스 파일\Nuklear</Filter>
    </ClCompile>
    <ClCompile Include="DX7Renderer.cpp">
      <Filter>소스 파일\Nuklear</Filter>
    </ClCompile>
    <ClCompile Include="NKLuaInterface.cpp">
      <Filter>소스 파일\Nuklear</Filter>
    </ClCompile>
    <ClCompile Include="NKCereal.cpp">
      <Filter>소스 파일\Nuklear</Filter>
    </ClCompile>
    <ClCompile Include="nuklear_extensions.cpp">
      <Filter>소스 파일\Nuklear</Filter>
    </ClCompile>
    <ClCompile Include="NKCerealBinary.cpp">
      <Filter>소스 파일\Nuklear</Filter>
    </ClCompile>
    <ClCompile Include="UiLibrary.cpp">
      <Filter>소스 파일\Nuklear\Base</Filter>
    </ClCompile>
  </ItemGroup>
</Project>