<?xml version="1.0" encoding="utf-8"?>
<Project ToolsVersion="4.0" xmlns="http://schemas.microsoft.com/developer/msbuild/2003">
  <ItemGroup>
    <Filter Include="소스 파일">
      <UniqueIdentifier>{4FC737F1-C7A5-4376-A066-2A32D752A2FF}</UniqueIdentifier>
      <Extensions>cpp;c;cc;cxx;c++;cppm;ixx;def;odl;idl;hpj;bat;asm;asmx</Extensions>
    </Filter>
    <Filter Include="헤더 파일">
      <UniqueIdentifier>{93995380-89BD-4b04-88EB-625FBE52EBFB}</UniqueIdentifier>
      <Extensions>h;hh;hpp;hxx;h++;hm;inl;inc;ipp;xsd</Extensions>
    </Filter>
    <Filter Include="리소스 파일">
      <UniqueIdentifier>{67DA6AB6-F800-4c08-8B7A-83BB121AAD01}</UniqueIdentifier>
      <Extensions>rc;ico;cur;bmp;dlg;rc2;rct;bin;rgs;gif;jpg;jpeg;jpe;resx;tiff;tif;png;wav;mfcribbon-ms</Extensions>
    </Filter>
    <Filter Include="소스 파일\Nuklear">
      <UniqueIdentifier>{f49c78b1-23e8-4f93-8c04-03fa3d8da362}</UniqueIdentifier>
    </Filter>
    <Filter Include="소스 파일\Nuklear\Base">
      <UniqueIdentifier>{eb9a2b7a-43f7-4931-9406-28da5384ef14}</UniqueIdentifier>
    </Filter>
    <Filter Include="소스 파일\etc">
      <UniqueIdentifier>{9274d780-b543-4f12-bd17-613962ffa17e}</UniqueIdentifier>
    </Filter>
    <Filter Include="소스 파일\Nuklear\Base\Object">
      <UniqueIdentifier>{1b1e697b-c72a-4023-8b4b-62d06a757d4b}</UniqueIdentifier>
    </Filter>
    <Filter Include="소스 파일\Nuklear\Base\Module">
      <UniqueIdentifier>{054f7d1c-1a0f-4fe1-b299-76b75319272a}</UniqueIdentifier>
    </Filter>
    <Filter Include="소스 파일\Nuklear\Base\Style">
      <UniqueIdentifier>{401c125e-3464-4a05-9259-69cc34eafcf1}</UniqueIdentifier>
    </Filter>
  </ItemGroup>
  <ItemGroup>
    <None Include="cpp.hint" />
  </ItemGroup>
  <ItemGroup>
    <ClInclude Include="framework.h">
      <Filter>헤더 파일</Filter>
    </ClInclude>
    <ClInclude Include="pch.h">
      <Filter>헤더 파일</Filter>
    </ClInclude>
    <ClInclude Include="NKBase.h">
      <Filter>소스 파일\Nuklear\Base</Filter>
    </ClInclude>
    <ClInclude Include="NuklearUI.h">
      <Filter>소스 파일\Nuklear</Filter>
    </ClInclude>
    <ClInclude Include="nkmod.h">
      <Filter>소스 파일\etc</Filter>
    </ClInclude>
    <ClInclude Include="sprLoader.h">
      <Filter>소스 파일\etc</Filter>
    </ClInclude>
    <ClInclude Include="NuklearEditor.h">
      <Filter>소스 파일\Nuklear</Filter>
    </ClInclude>
    <ClInclude Include="Constants.h">
      <Filter>소스 파일\Nuklear</Filter>
    </ClInclude>
    <ClInclude Include="NKButton.h">
      <Filter>소스 파일\Nuklear\Base\Object</Filter>
    </ClInclude>
    <ClInclude Include="NKChart.h">
      <Filter>소스 파일\Nuklear\Base\Object</Filter>
    </ClInclude>
    <ClInclude Include="NKCheckbox.h">
      <Filter>소스 파일\Nuklear\Base\Object</Filter>
    </ClInclude>
    <ClInclude Include="NKColorPicker.h">
      <Filter>소스 파일\Nuklear\Base\Object</Filter>
    </ClInclude>
    <ClInclude Include="NKCombo.h">
      <Filter>소스 파일\Nuklear\Base\Object</Filter>
    </ClInclude>
    <ClInclude Include="NKComboItem.h">
      <Filter>소스 파일\Nuklear\Base\Object</Filter>
    </ClInclude>
    <ClInclude Include="NKEdit.h">
      <Filter>소스 파일\Nuklear\Base\Object</Filter>
    </ClInclude>
    <ClInclude Include="NKGroup.h">
      <Filter>소스 파일\Nuklear\Base\Object</Filter>
    </ClInclude>
    <ClInclude Include="NKImage.h">
      <Filter>소스 파일\Nuklear\Base\Object</Filter>
    </ClInclude>
    <ClInclude Include="NKLabel.h">
      <Filter>소스 파일\Nuklear\Base\Object</Filter>
    </ClInclude>
    <ClInclude Include="NKMenu.h">
      <Filter>소스 파일\Nuklear\Base\Object</Filter>
    </ClInclude>
    <ClInclude Include="NKPopup.h">
      <Filter>소스 파일\Nuklear\Base\Object</Filter>
    </ClInclude>
    <ClInclude Include="NKProgress.h">
      <Filter>소스 파일\Nuklear\Base\Object</Filter>
    </ClInclude>
    <ClInclude Include="NKScrollbar.h">
      <Filter>소스 파일\Nuklear\Base\Object</Filter>
    </ClInclude>
    <ClInclude Include="NKSelectable.h">
      <Filter>소스 파일\Nuklear\Base\Object</Filter>
    </ClInclude>
    <ClInclude Include="NKSlider.h">
      <Filter>소스 파일\Nuklear\Base\Object</Filter>
    </ClInclude>
    <ClInclude Include="NKSpace.h">
      <Filter>소스 파일\Nuklear\Base\Object</Filter>
    </ClInclude>
    <ClInclude Include="NKTooltip.h">
      <Filter>소스 파일\Nuklear\Base\Object</Filter>
    </ClInclude>
    <ClInclude Include="NKTree.h">
      <Filter>소스 파일\Nuklear\Base\Object</Filter>
    </ClInclude>
    <ClInclude Include="NKWindow.h">
      <Filter>소스 파일\Nuklear\Base\Object</Filter>
    </ClInclude>
    <ClInclude Include="UiLibrary.h">
      <Filter>소스 파일\Nuklear\Base</Filter>
    </ClInclude>
    <ClInclude Include="NKProperty.h">
      <Filter>소스 파일\Nuklear\Base</Filter>
    </ClInclude>
    <ClInclude Include="NKStyle.h">
      <Filter>소스 파일\Nuklear\Base</Filter>
    </ClInclude>
    <ClInclude Include="NKTransform.h">
      <Filter>소스 파일\Nuklear\Base\Module</Filter>
    </ClInclude>
    <ClInclude Include="NKBaseWindow.h">
      <Filter>소스 파일\Nuklear\Base\Module</Filter>
    </ClInclude>
    <ClInclude Include="NKHandler.h">
      <Filter>소스 파일\Nuklear\Base\Module</Filter>
    </ClInclude>
    <ClInclude Include="NKBaseStyle.h">
      <Filter>소스 파일\Nuklear\Base</Filter>
    </ClInclude>
  </ItemGroup>
  <ItemGroup>
    <ClCompile Include="NKBase.cpp">
      <Filter>소스 파일\Nuklear\Base</Filter>
    </ClCompile>
    <ClCompile Include="NuklearUI.cpp">
      <Filter>소스 파일\Nuklear</Filter>
    </ClCompile>
    <ClCompile Include="dllmain.cpp">
      <Filter>소스 파일\etc</Filter>
    </ClCompile>
    <ClCompile Include="nkmod.cpp">
      <Filter>소스 파일\etc</Filter>
    </ClCompile>
    <ClCompile Include="pch.cpp">
      <Filter>소스 파일\etc</Filter>
    </ClCompile>
    <ClCompile Include="sprLoader.cpp">
      <Filter>소스 파일\etc</Filter>
    </ClCompile>
    <ClCompile Include="NuklearEditor.cpp">
      <Filter>소스 파일\Nuklear</Filter>
    </ClCompile>
    <ClCompile Include="NKButton.cpp">
      <Filter>소스 파일\Nuklear\Base\Object</Filter>
    </ClCompile>
    <ClCompile Include="NKChart.cpp">
      <Filter>소스 파일\Nuklear\Base\Object</Filter>
    </ClCompile>
    <ClCompile Include="NKCheckbox.cpp">
      <Filter>소스 파일\Nuklear\Base\Object</Filter>
    </ClCompile>
    <ClCompile Include="NKColorPicker.cpp">
      <Filter>소스 파일\Nuklear\Base\Object</Filter>
    </ClCompile>
    <ClCompile Include="NKCombo.cpp">
      <Filter>소스 파일\Nuklear\Base\Object</Filter>
    </ClCompile>
    <ClCompile Include="NKComboItem.cpp">
      <Filter>소스 파일\Nuklear\Base\Object</Filter>
    </ClCompile>
    <ClCompile Include="NKEdit.cpp">
      <Filter>소스 파일\Nuklear\Base\Object</Filter>
    </ClCompile>
    <ClCompile Include="NKGroup.cpp">
      <Filter>소스 파일\Nuklear\Base\Object</Filter>
    </ClCompile>
    <ClCompile Include="NKImage.cpp">
      <Filter>소스 파일\Nuklear\Base\Object</Filter>
    </ClCompile>
    <ClCompile Include="NKLabel.cpp">
      <Filter>소스 파일\Nuklear\Base\Object</Filter>
    </ClCompile>
    <ClCompile Include="NKMenu.cpp">
      <Filter>소스 파일\Nuklear\Base\Object</Filter>
    </ClCompile>
    <ClCompile Include="NKPopup.cpp">
      <Filter>소스 파일\Nuklear\Base\Object</Filter>
    </ClCompile>
    <ClCompile Include="NKProgress.cpp">
      <Filter>소스 파일\Nuklear\Base\Object</Filter>
    </ClCompile>
    <ClCompile Include="NKScrollbar.cpp">
      <Filter>소스 파일\Nuklear\Base\Object</Filter>
    </ClCompile>
    <ClCompile Include="NKSelectable.cpp">
      <Filter>소스 파일\Nuklear\Base\Object</Filter>
    </ClCompile>
    <ClCompile Include="NKSlider.cpp">
      <Filter>소스 파일\Nuklear\Base\Object</Filter>
    </ClCompile>
    <ClCompile Include="NKSpace.cpp">
      <Filter>소스 파일\Nuklear\Base\Object</Filter>
    </ClCompile>
    <ClCompile Include="NKTooltip.cpp">
      <Filter>소스 파일\Nuklear\Base\Object</Filter>
    </ClCompile>
    <ClCompile Include="NKTree.cpp">
      <Filter>소스 파일\Nuklear\Base\Object</Filter>
    </ClCompile>
    <ClCompile Include="NKWindow.cpp">
      <Filter>소스 파일\Nuklear\Base\Object</Filter>
    </ClCompile>
    <ClCompile Include="NKProperty.cpp">
      <Filter>소스 파일\Nuklear\Base</Filter>
    </ClCompile>
    <ClCompile Include="NKStyle.cpp">
      <Filter>소스 파일\Nuklear\Base</Filter>
    </ClCompile>
    <ClCompile Include="NKTransform.cpp">
      <Filter>소스 파일\Nuklear\Base\Module</Filter>
    </ClCompile>
    <ClCompile Include="NKBaseWindow.cpp">
      <Filter>소스 파일\Nuklear\Base\Module</Filter>
    </ClCompile>
    <ClCompile Include="NKHandler.cpp">
      <Filter>소스 파일\Nuklear\Base\Module</Filter>
    </ClCompile>
    <ClCompile Include="NKBaseStyle.cpp">
      <Filter>소스 파일\Nuklear\Base</Filter>
    </ClCompile>
  </ItemGroup>
</Project>