<?xml version="1.0" encoding="utf-8"?>
<Project ToolsVersion="4.0" xmlns="http://schemas.microsoft.com/developer/msbuild/2003">
  <ItemGroup>
    <Filter Include="소스 파일">
      <UniqueIdentifier>{4FC737F1-C7A5-4376-A066-2A32D752A2FF}</UniqueIdentifier>
      <Extensions>cpp;c;cc;cxx;c++;cppm;ixx;def;odl;idl;hpj;bat;asm;asmx</Extensions>
    </Filter>
    <Filter Include="헤더 파일">
      <UniqueIdentifier>{93995380-89BD-4b04-88EB-625FBE52EBFB}</UniqueIdentifier>
      <Extensions>h;hh;hpp;hxx;h++;hm;inl;inc;ipp;xsd</Extensions>
    </Filter>
    <Filter Include="리소스 파일">
      <UniqueIdentifier>{67DA6AB6-F800-4c08-8B7A-83BB121AAD01}</UniqueIdentifier>
      <Extensions>rc;ico;cur;bmp;dlg;rc2;rct;bin;rgs;gif;jpg;jpeg;jpe;resx;tiff;tif;png;wav;mfcribbon-ms</Extensions>
    </Filter>
    <Filter Include="소스 파일\Nuklear">
      <UniqueIdentifier>{f49c78b1-23e8-4f93-8c04-03fa3d8da362}</UniqueIdentifier>
    </Filter>
    <Filter Include="소스 파일\Nuklear\Base">
      <UniqueIdentifier>{eb9a2b7a-43f7-4931-9406-28da5384ef14}</UniqueIdentifier>
    </Filter>
    <Filter Include="소스 파일\etc">
      <UniqueIdentifier>{9274d780-b543-4f12-bd17-613962ffa17e}</UniqueIdentifier>
    </Filter>
    <Filter Include="소스 파일\Nuklear\Base\Object">
      <UniqueIdentifier>{1b1e697b-c72a-4023-8b4b-62d06a757d4b}</UniqueIdentifier>
    </Filter>
    <Filter Include="소스 파일\Nuklear\Base\Module">
      <UniqueIdentifier>{054f7d1c-1a0f-4fe1-b299-76b75319272a}</UniqueIdentifier>
    </Filter>
    <Filter Include="소스 파일\Nuklear\Base\Style">
      <UniqueIdentifier>{401c125e-3464-4a05-9259-69cc34eafcf1}</UniqueIdentifier>
    </Filter>
    <Filter Include="소스 파일\Nuklear\Base\Style\Component">
      <UniqueIdentifier>{11b1ccbf-f6a3-4987-9eae-86ae828247bc}</UniqueIdentifier>
    </Filter>
  </ItemGroup>
  <ItemGroup>
    <None Include="cpp.hint" />
  </ItemGroup>
  <ItemGroup>
    <ClInclude Include="framework.h">
      <Filter>헤더 파일</Filter>
    </ClInclude>
    <ClInclude Include="pch.h">
      <Filter>헤더 파일</Filter>
    </ClInclude>
    <ClInclude Include="etc\nkmod.h">
      <Filter>소스 파일\etc</Filter>
    </ClInclude>
    <ClInclude Include="etc\sprLoader.h">
      <Filter>소스 파일\etc</Filter>
    </ClInclude>
    <ClInclude Include="Nuklear\Constants.h">
      <Filter>소스 파일\Nuklear</Filter>
    </ClInclude>
    <ClInclude Include="Nuklear\DX7Renderer.h">
      <Filter>소스 파일\Nuklear</Filter>
    </ClInclude>
    <ClInclude Include="Nuklear\NKCereal.h">
      <Filter>소스 파일\Nuklear</Filter>
    </ClInclude>
    <ClInclude Include="Nuklear\NKLuaInterface.h">
      <Filter>소스 파일\Nuklear</Filter>
    </ClInclude>
    <ClInclude Include="Nuklear\nuklear_extensions.h">
      <Filter>소스 파일\Nuklear</Filter>
    </ClInclude>
    <ClInclude Include="Nuklear\NuklearEditor.h">
      <Filter>소스 파일\Nuklear</Filter>
    </ClInclude>
    <ClInclude Include="Nuklear\NuklearUI.h">
      <Filter>소스 파일\Nuklear</Filter>
    </ClInclude>
    <ClInclude Include="Nuklear\Base\Style\Component\ComponentButton.h">
      <Filter>소스 파일\Nuklear\Base\Style\Component</Filter>
    </ClInclude>
    <ClInclude Include="Nuklear\Base\Style\Component\ComponentCombo.h">
      <Filter>소스 파일\Nuklear\Base\Style\Component</Filter>
    </ClInclude>
    <ClInclude Include="Nuklear\Base\Style\Component\ComponentEdit.h">
      <Filter>소스 파일\Nuklear\Base\Style\Component</Filter>
    </ClInclude>
    <ClInclude Include="Nuklear\Base\Style\Component\ComponentHeader.h">
      <Filter>소스 파일\Nuklear\Base\Style\Component</Filter>
    </ClInclude>
    <ClInclude Include="Nuklear\Base\Style\Component\ComponentProgress.h">
      <Filter>소스 파일\Nuklear\Base\Style\Component</Filter>
    </ClInclude>
    <ClInclude Include="Nuklear\Base\Style\Component\ComponentProperty.h">
      <Filter>소스 파일\Nuklear\Base\Style\Component</Filter>
    </ClInclude>
    <ClInclude Include="Nuklear\Base\Style\Component\ComponentScrollbar.h">
      <Filter>소스 파일\Nuklear\Base\Style\Component</Filter>
    </ClInclude>
    <ClInclude Include="Nuklear\Base\Style\Component\ComponentSelectable.h">
      <Filter>소스 파일\Nuklear\Base\Style\Component</Filter>
    </ClInclude>
    <ClInclude Include="Nuklear\Base\Style\Component\ComponentSlider.h">
      <Filter>소스 파일\Nuklear\Base\Style\Component</Filter>
    </ClInclude>
    <ClInclude Include="Nuklear\Base\Style\Component\ComponentTab.h">
      <Filter>소스 파일\Nuklear\Base\Style\Component</Filter>
    </ClInclude>
    <ClInclude Include="Nuklear\Base\Style\Component\ComponentToggle.h">
      <Filter>소스 파일\Nuklear\Base\Style\Component</Filter>
    </ClInclude>
    <ClInclude Include="Nuklear\Base\Style\Component\NKStyleItem.h">
      <Filter>소스 파일\Nuklear\Base\Style\Component</Filter>
    </ClInclude>
    <ClInclude Include="Nuklear\Base\NKBase.h">
      <Filter>소스 파일\Nuklear\Base</Filter>
    </ClInclude>
    <ClInclude Include="Nuklear\Base\UiLibrary.h">
      <Filter>소스 파일\Nuklear\Base</Filter>
    </ClInclude>
    <ClInclude Include="Nuklear\Base\Module\NKBaseImage.h">
      <Filter>소스 파일\Nuklear\Base\Module</Filter>
    </ClInclude>
    <ClInclude Include="Nuklear\Base\Module\NKBaseLabel.h">
      <Filter>소스 파일\Nuklear\Base\Module</Filter>
    </ClInclude>
    <ClInclude Include="Nuklear\Base\Module\NKBaseStyle.h">
      <Filter>소스 파일\Nuklear\Base\Module</Filter>
    </ClInclude>
    <ClInclude Include="Nuklear\Base\Module\NKBaseWindow.h">
      <Filter>소스 파일\Nuklear\Base\Module</Filter>
    </ClInclude>
    <ClInclude Include="Nuklear\Base\Module\NKHandler.h">
      <Filter>소스 파일\Nuklear\Base\Module</Filter>
    </ClInclude>
    <ClInclude Include="Nuklear\Base\Module\NKObjectFinder.h">
      <Filter>소스 파일\Nuklear\Base\Module</Filter>
    </ClInclude>
    <ClInclude Include="Nuklear\Base\Module\NKProperty.h">
      <Filter>소스 파일\Nuklear\Base\Module</Filter>
    </ClInclude>
    <ClInclude Include="Nuklear\Base\Module\NKTransform.h">
      <Filter>소스 파일\Nuklear\Base\Module</Filter>
    </ClInclude>
    <ClInclude Include="Nuklear\Base\Object\NKButton.h">
      <Filter>소스 파일\Nuklear\Base\Object</Filter>
    </ClInclude>
    <ClInclude Include="Nuklear\Base\Object\NKChart.h">
      <Filter>소스 파일\Nuklear\Base\Object</Filter>
    </ClInclude>
    <ClInclude Include="Nuklear\Base\Object\NKCheckbox.h">
      <Filter>소스 파일\Nuklear\Base\Object</Filter>
    </ClInclude>
    <ClInclude Include="Nuklear\Base\Object\NKColorPicker.h">
      <Filter>소스 파일\Nuklear\Base\Object</Filter>
    </ClInclude>
    <ClInclude Include="Nuklear\Base\Object\NKCombo.h">
      <Filter>소스 파일\Nuklear\Base\Object</Filter>
    </ClInclude>
    <ClInclude Include="Nuklear\Base\Object\NKComboItem.h">
      <Filter>소스 파일\Nuklear\Base\Object</Filter>
    </ClInclude>
    <ClInclude Include="Nuklear\Base\Object\NKEdit.h">
      <Filter>소스 파일\Nuklear\Base\Object</Filter>
    </ClInclude>
    <ClInclude Include="Nuklear\Base\Object\NKGroup.h">
      <Filter>소스 파일\Nuklear\Base\Object</Filter>
    </ClInclude>
    <ClInclude Include="Nuklear\Base\Object\NKImage.h">
      <Filter>소스 파일\Nuklear\Base\Object</Filter>
    </ClInclude>
    <ClInclude Include="Nuklear\Base\Object\NKLabel.h">
      <Filter>소스 파일\Nuklear\Base\Object</Filter>
    </ClInclude>
    <ClInclude Include="Nuklear\Base\Object\NKMenu.h">
      <Filter>소스 파일\Nuklear\Base\Object</Filter>
    </ClInclude>
    <ClInclude Include="Nuklear\Base\Object\NKPopup.h">
      <Filter>소스 파일\Nuklear\Base\Object</Filter>
    </ClInclude>
    <ClInclude Include="Nuklear\Base\Object\NKProgress.h">
      <Filter>소스 파일\Nuklear\Base\Object</Filter>
    </ClInclude>
    <ClInclude Include="Nuklear\Base\Object\NKScrollbar.h">
      <Filter>소스 파일\Nuklear\Base\Object</Filter>
    </ClInclude>
    <ClInclude Include="Nuklear\Base\Object\NKSelectable.h">
      <Filter>소스 파일\Nuklear\Base\Object</Filter>
    </ClInclude>
    <ClInclude Include="Nuklear\Base\Object\NKSlider.h">
      <Filter>소스 파일\Nuklear\Base\Object</Filter>
    </ClInclude>
    <ClInclude Include="Nuklear\Base\Object\NKSpace.h">
      <Filter>소스 파일\Nuklear\Base\Object</Filter>
    </ClInclude>
    <ClInclude Include="Nuklear\Base\Object\NKSuperStyleObject.h">
      <Filter>소스 파일\Nuklear\Base\Object</Filter>
    </ClInclude>
    <ClInclude Include="Nuklear\Base\Object\NKTooltip.h">
      <Filter>소스 파일\Nuklear\Base\Object</Filter>
    </ClInclude>
    <ClInclude Include="Nuklear\Base\Object\NKTree.h">
      <Filter>소스 파일\Nuklear\Base\Object</Filter>
    </ClInclude>
    <ClInclude Include="Nuklear\Base\Object\NKWindow.h">
      <Filter>소스 파일\Nuklear\Base\Object</Filter>
    </ClInclude>
    <ClInclude Include="Nuklear\Base\Style\NKStyleButton.h">
      <Filter>소스 파일\Nuklear\Base\Style</Filter>
    </ClInclude>
    <ClInclude Include="Nuklear\Base\Style\NKStyleChart.h">
      <Filter>소스 파일\Nuklear\Base\Style</Filter>
    </ClInclude>
    <ClInclude Include="Nuklear\Base\Style\NKStyleCheckbox.h">
      <Filter>소스 파일\Nuklear\Base\Style</Filter>
    </ClInclude>
    <ClInclude Include="Nuklear\Base\Style\NKStyleCombo.h">
      <Filter>소스 파일\Nuklear\Base\Style</Filter>
    </ClInclude>
    <ClInclude Include="Nuklear\Base\Style\NKStyleContextualButton.h">
      <Filter>소스 파일\Nuklear\Base\Style</Filter>
    </ClInclude>
    <ClInclude Include="Nuklear\Base\Style\NKStyleEdit.h">
      <Filter>소스 파일\Nuklear\Base\Style</Filter>
    </ClInclude>
    <ClInclude Include="Nuklear\Base\Style\NKStyleHeader.h">
      <Filter>소스 파일\Nuklear\Base\Style</Filter>
    </ClInclude>
    <ClInclude Include="Nuklear\Base\Style\NKStyleMenuButton.h">
      <Filter>소스 파일\Nuklear\Base\Style</Filter>
    </ClInclude>
    <ClInclude Include="Nuklear\Base\Style\NKStyleOption.h">
      <Filter>소스 파일\Nuklear\Base\Style</Filter>
    </ClInclude>
    <ClInclude Include="Nuklear\Base\Style\NKStyleProgress.h">
      <Filter>소스 파일\Nuklear\Base\Style</Filter>
    </ClInclude>
    <ClInclude Include="Nuklear\Base\Style\NKStyleProperty.h">
      <Filter>소스 파일\Nuklear\Base\Style</Filter>
    </ClInclude>
    <ClInclude Include="Nuklear\Base\Style\NKStyleScrollbarH.h">
      <Filter>소스 파일\Nuklear\Base\Style</Filter>
    </ClInclude>
    <ClInclude Include="Nuklear\Base\Style\NKStyleScrollbarV.h">
      <Filter>소스 파일\Nuklear\Base\Style</Filter>
    </ClInclude>
    <ClInclude Include="Nuklear\Base\Style\NKStyleSelectedable.h">
      <Filter>소스 파일\Nuklear\Base\Style</Filter>
    </ClInclude>
    <ClInclude Include="Nuklear\Base\Style\NKStyleSlider.h">
      <Filter>소스 파일\Nuklear\Base\Style</Filter>
    </ClInclude>
    <ClInclude Include="Nuklear\Base\Style\NKStyleTab.h">
      <Filter>소스 파일\Nuklear\Base\Style</Filter>
    </ClInclude>
    <ClInclude Include="Nuklear\Base\Style\NKStyleText.h">
      <Filter>소스 파일\Nuklear\Base\Style</Filter>
    </ClInclude>
    <ClInclude Include="Nuklear\Base\Style\NKStyleWindow.h">
      <Filter>소스 파일\Nuklear\Base\Style</Filter>
    </ClInclude>
  </ItemGroup>
  <ItemGroup>
    <ClCompile Include="pch.cpp">
      <Filter>소스 파일\etc</Filter>
    </ClCompile>
    <ClCompile Include="etc\dllmain.cpp">
      <Filter>소스 파일\etc</Filter>
    </ClCompile>
    <ClCompile Include="etc\nkmod.cpp">
      <Filter>소스 파일\etc</Filter>
    </ClCompile>
    <ClCompile Include="etc\sprLoader.cpp">
      <Filter>소스 파일\etc</Filter>
    </ClCompile>
    <ClCompile Include="Nuklear\DX7Renderer.cpp">
      <Filter>소스 파일\Nuklear</Filter>
    </ClCompile>
    <ClCompile Include="Nuklear\NKCereal.cpp">
      <Filter>소스 파일\Nuklear</Filter>
    </ClCompile>
    <ClCompile Include="Nuklear\NKCerealBinary.cpp">
      <Filter>소스 파일\Nuklear</Filter>
    </ClCompile>
    <ClCompile Include="Nuklear\NKLuaInterface.cpp">
      <Filter>소스 파일\Nuklear</Filter>
    </ClCompile>
    <ClCompile Include="Nuklear\nuklear_extensions.cpp">
      <Filter>소스 파일\Nuklear</Filter>
    </ClCompile>
    <ClCompile Include="Nuklear\NuklearEditor.cpp">
      <Filter>소스 파일\Nuklear</Filter>
    </ClCompile>
    <ClCompile Include="Nuklear\NuklearUI.cpp">
      <Filter>소스 파일\Nuklear</Filter>
    </ClCompile>
    <ClCompile Include="Nuklear\NuklearUI_DX7.cpp">
      <Filter>소스 파일\Nuklear</Filter>
    </ClCompile>
    <ClCompile Include="Nuklear\NuklearUI_DX9.cpp">
      <Filter>소스 파일\Nuklear</Filter>
    </ClCompile>
    <ClCompile Include="Nuklear\Base\Style\Component\ComponentButton.cpp">
      <Filter>소스 파일\Nuklear\Base\Style\Component</Filter>
    </ClCompile>
    <ClCompile Include="Nuklear\Base\Style\Component\ComponentCombo.cpp">
      <Filter>소스 파일\Nuklear\Base\Style\Component</Filter>
    </ClCompile>
    <ClCompile Include="Nuklear\Base\Style\Component\ComponentEdit.cpp">
      <Filter>소스 파일\Nuklear\Base\Style\Component</Filter>
    </ClCompile>
    <ClCompile Include="Nuklear\Base\Style\Component\ComponentHeader.cpp">
      <Filter>소스 파일\Nuklear\Base\Style\Component</Filter>
    </ClCompile>
    <ClCompile Include="Nuklear\Base\Style\Component\ComponentProgress.cpp">
      <Filter>소스 파일\Nuklear\Base\Style\Component</Filter>
    </ClCompile>
    <ClCompile Include="Nuklear\Base\Style\Component\ComponentProperty.cpp">
      <Filter>소스 파일\Nuklear\Base\Style\Component</Filter>
    </ClCompile>
    <ClCompile Include="Nuklear\Base\Style\Component\ComponentScrollbar.cpp">
      <Filter>소스 파일\Nuklear\Base\Style\Component</Filter>
    </ClCompile>
    <ClCompile Include="Nuklear\Base\Style\Component\ComponentSelectable.cpp">
      <Filter>소스 파일\Nuklear\Base\Style\Component</Filter>
    </ClCompile>
    <ClCompile Include="Nuklear\Base\Style\Component\ComponentSlider.cpp">
      <Filter>소스 파일\Nuklear\Base\Style\Component</Filter>
    </ClCompile>
    <ClCompile Include="Nuklear\Base\Style\Component\ComponentTab.cpp">
      <Filter>소스 파일\Nuklear\Base\Style\Component</Filter>
    </ClCompile>
    <ClCompile Include="Nuklear\Base\Style\Component\ComponentToggle.cpp">
      <Filter>소스 파일\Nuklear\Base\Style\Component</Filter>
    </ClCompile>
    <ClCompile Include="Nuklear\Base\Style\Component\NKStyleItem.cpp">
      <Filter>소스 파일\Nuklear\Base\Style\Component</Filter>
    </ClCompile>
    <ClCompile Include="Nuklear\Base\NKBase.cpp">
      <Filter>소스 파일\Nuklear\Base</Filter>
    </ClCompile>
    <ClCompile Include="Nuklear\Base\UiLibrary.cpp">
      <Filter>소스 파일\Nuklear\Base</Filter>
    </ClCompile>
    <ClCompile Include="Nuklear\Base\Module\NKBaseImage.cpp">
      <Filter>소스 파일\Nuklear\Base\Module</Filter>
    </ClCompile>
    <ClCompile Include="Nuklear\Base\Module\NKBaseLabel.cpp">
      <Filter>소스 파일\Nuklear\Base\Module</Filter>
    </ClCompile>
    <ClCompile Include="Nuklear\Base\Module\NKBaseStyle.cpp">
      <Filter>소스 파일\Nuklear\Base\Module</Filter>
    </ClCompile>
    <ClCompile Include="Nuklear\Base\Module\NKBaseWindow.cpp">
      <Filter>소스 파일\Nuklear\Base\Module</Filter>
    </ClCompile>
    <ClCompile Include="Nuklear\Base\Module\NKHandler.cpp">
      <Filter>소스 파일\Nuklear\Base\Module</Filter>
    </ClCompile>
    <ClCompile Include="Nuklear\Base\Module\NKObjectFinder.cpp">
      <Filter>소스 파일\Nuklear\Base\Module</Filter>
    </ClCompile>
    <ClCompile Include="Nuklear\Base\Module\NKProperty.cpp">
      <Filter>소스 파일\Nuklear\Base\Module</Filter>
    </ClCompile>
    <ClCompile Include="Nuklear\Base\Module\NKTransform.cpp">
      <Filter>소스 파일\Nuklear\Base\Module</Filter>
    </ClCompile>
    <ClCompile Include="Nuklear\Base\Object\NKButton.cpp">
      <Filter>소스 파일\Nuklear\Base\Object</Filter>
    </ClCompile>
    <ClCompile Include="Nuklear\Base\Object\NKChart.cpp">
      <Filter>소스 파일\Nuklear\Base\Object</Filter>
    </ClCompile>
    <ClCompile Include="Nuklear\Base\Object\NKCheckbox.cpp">
      <Filter>소스 파일\Nuklear\Base\Object</Filter>
    </ClCompile>
    <ClCompile Include="Nuklear\Base\Object\NKColorPicker.cpp">
      <Filter>소스 파일\Nuklear\Base\Object</Filter>
    </ClCompile>
    <ClCompile Include="Nuklear\Base\Object\NKCombo.cpp">
      <Filter>소스 파일\Nuklear\Base\Object</Filter>
    </ClCompile>
    <ClCompile Include="Nuklear\Base\Object\NKComboItem.cpp">
      <Filter>소스 파일\Nuklear\Base\Object</Filter>
    </ClCompile>
    <ClCompile Include="Nuklear\Base\Object\NKEdit.cpp">
      <Filter>소스 파일\Nuklear\Base\Object</Filter>
    </ClCompile>
    <ClCompile Include="Nuklear\Base\Object\NKGroup.cpp">
      <Filter>소스 파일\Nuklear\Base\Object</Filter>
    </ClCompile>
    <ClCompile Include="Nuklear\Base\Object\NKImage.cpp">
      <Filter>소스 파일\Nuklear\Base\Object</Filter>
    </ClCompile>
    <ClCompile Include="Nuklear\Base\Object\NKLabel.cpp">
      <Filter>소스 파일\Nuklear\Base\Object</Filter>
    </ClCompile>
    <ClCompile Include="Nuklear\Base\Object\NKMenu.cpp">
      <Filter>소스 파일\Nuklear\Base\Object</Filter>
    </ClCompile>
    <ClCompile Include="Nuklear\Base\Object\NKPopup.cpp">
      <Filter>소스 파일\Nuklear\Base\Object</Filter>
    </ClCompile>
    <ClCompile Include="Nuklear\Base\Object\NKProgress.cpp">
      <Filter>소스 파일\Nuklear\Base\Object</Filter>
    </ClCompile>
    <ClCompile Include="Nuklear\Base\Object\NKScrollbar.cpp">
      <Filter>소스 파일\Nuklear\Base\Object</Filter>
    </ClCompile>
    <ClCompile Include="Nuklear\Base\Object\NKSelectable.cpp">
      <Filter>소스 파일\Nuklear\Base\Object</Filter>
    </ClCompile>
    <ClCompile Include="Nuklear\Base\Object\NKSlider.cpp">
      <Filter>소스 파일\Nuklear\Base\Object</Filter>
    </ClCompile>
    <ClCompile Include="Nuklear\Base\Object\NKSpace.cpp">
      <Filter>소스 파일\Nuklear\Base\Object</Filter>
    </ClCompile>
    <ClCompile Include="Nuklear\Base\Object\NKSuperStyleObject.cpp">
      <Filter>소스 파일\Nuklear\Base\Object</Filter>
    </ClCompile>
    <ClCompile Include="Nuklear\Base\Object\NKTooltip.cpp">
      <Filter>소스 파일\Nuklear\Base\Object</Filter>
    </ClCompile>
    <ClCompile Include="Nuklear\Base\Object\NKTree.cpp">
      <Filter>소스 파일\Nuklear\Base\Object</Filter>
    </ClCompile>
    <ClCompile Include="Nuklear\Base\Object\NKWindow.cpp">
      <Filter>소스 파일\Nuklear\Base\Object</Filter>
    </ClCompile>
    <ClCompile Include="Nuklear\Base\Style\NKStyleButton.cpp">
      <Filter>소스 파일\Nuklear\Base\Style</Filter>
    </ClCompile>
    <ClCompile Include="Nuklear\Base\Style\NKStyleChart.cpp">
      <Filter>소스 파일\Nuklear\Base\Style</Filter>
    </ClCompile>
    <ClCompile Include="Nuklear\Base\Style\NKStyleCheckbox.cpp">
      <Filter>소스 파일\Nuklear\Base\Style</Filter>
    </ClCompile>
    <ClCompile Include="Nuklear\Base\Style\NKStyleCombo.cpp">
      <Filter>소스 파일\Nuklear\Base\Style</Filter>
    </ClCompile>
    <ClCompile Include="Nuklear\Base\Style\NKStyleContextualButton.cpp">
      <Filter>소스 파일\Nuklear\Base\Style</Filter>
    </ClCompile>
    <ClCompile Include="Nuklear\Base\Style\NKStyleEdit.cpp">
      <Filter>소스 파일\Nuklear\Base\Style</Filter>
    </ClCompile>
    <ClCompile Include="Nuklear\Base\Style\NKStyleHeader.cpp">
      <Filter>소스 파일\Nuklear\Base\Style</Filter>
    </ClCompile>
    <ClCompile Include="Nuklear\Base\Style\NKStyleMenuButton.cpp">
      <Filter>소스 파일\Nuklear\Base\Style</Filter>
    </ClCompile>
    <ClCompile Include="Nuklear\Base\Style\NKStyleOption.cpp">
      <Filter>소스 파일\Nuklear\Base\Style</Filter>
    </ClCompile>
    <ClCompile Include="Nuklear\Base\Style\NKStyleProgress.cpp">
      <Filter>소스 파일\Nuklear\Base\Style</Filter>
    </ClCompile>
    <ClCompile Include="Nuklear\Base\Style\NKStyleProperty.cpp">
      <Filter>소스 파일\Nuklear\Base\Style</Filter>
    </ClCompile>
    <ClCompile Include="Nuklear\Base\Style\NKStyleScrollbarH.cpp">
      <Filter>소스 파일\Nuklear\Base\Style</Filter>
    </ClCompile>
    <ClCompile Include="Nuklear\Base\Style\NKStyleScrollbarV.cpp">
      <Filter>소스 파일\Nuklear\Base\Style</Filter>
    </ClCompile>
    <ClCompile Include="Nuklear\Base\Style\NKStyleSelectedable.cpp">
      <Filter>소스 파일\Nuklear\Base\Style</Filter>
    </ClCompile>
    <ClCompile Include="Nuklear\Base\Style\NKStyleSlider.cpp">
      <Filter>소스 파일\Nuklear\Base\Style</Filter>
    </ClCompile>
    <ClCompile Include="Nuklear\Base\Style\NKStyleTab.cpp">
      <Filter>소스 파일\Nuklear\Base\Style</Filter>
    </ClCompile>
    <ClCompile Include="Nuklear\Base\Style\NKStyleText.cpp">
      <Filter>소스 파일\Nuklear\Base\Style</Filter>
    </ClCompile>
    <ClCompile Include="Nuklear\Base\Style\NKStyleWindow.cpp">
      <Filter>소스 파일\Nuklear\Base\Style</Filter>
    </ClCompile>
  </ItemGroup>
</Project>